{
  "name": "static",
  "version": "1.0.0",
  "lockfileVersion": 1,
  "requires": true,
  "dependencies": {
    "pythonic": {
      "version": "2.0.3",
      "resolved": "https://registry.npmjs.org/pythonic/-/pythonic-2.0.3.tgz",
      "integrity": "sha512-ykX9CXwye1Zq9pey32wzYgl0DIriQ+US362W87PxZUiLN7NPEEQeT0LyMZGEZmWqlic0JQadpujTxEBY7d0Ncg=="
    }
  }
}
